
Microsoft Visual Studio Solution File, Format Version 12.00
# Visual Studio Version 17
VisualStudioVersion = 17.4.33110.190
MinimumVisualStudioVersion = 10.0.40219.1
Project("{FAE04EC0-301F-11D3-BF4B-00C04F79EFBC}") = "PripremaZaIspitZnanja12", "PripremaZaIspitZnanja12.csproj", "{98EBC816-64FE-44AA-85B7-F9BE3BADD4CB}"
EndProject
Global
	GlobalSection(SolutionConfigurationPlatforms) = preSolution
		Debug|Any CPU = Debug|Any CPU
		Release|Any CPU = Release|Any CPU
	EndGlobalSection
	GlobalSection(ProjectConfigurationPlatforms) = postSolution
		{98EBC816-64FE-44AA-85B7-F9BE3BADD4CB}.Debug|Any CPU.ActiveCfg = Debug|Any CPU
		{98EBC816-64FE-44AA-85B7-F9BE3BADD4CB}.Debug|Any CPU.Build.0 = Debug|Any CPU
		{98EBC816-64FE-44AA-85B7-F9BE3BADD4CB}.Release|Any CPU.ActiveCfg = Release|Any CPU
		{98EBC816-64FE-44AA-85B7-F9BE3BADD4CB}.Release|Any CPU.Build.0 = Release|Any CPU
	EndGlobalSection
	GlobalSection(SolutionProperties) = preSolution
		HideSolutionNode = FALSE
	EndGlobalSection
	GlobalSection(ExtensibilityGlobals) = postSolution
		SolutionGuid = {6C7495A5-0D53-4AB1-978F-3557F6E30E40}
	EndGlobalSection
EndGlobal
